{
  "name": "scss",
  "version": "1.0.0",
  "lockfileVersion": 1,
  "requires": true,
  "dependencies": {
    "@babel/code-frame": {
      "version": "7.24.7",
      "resolved": "https://artifacts.cloud.caixabank.com/artifactory/api/npm/arq-openfront-npm-group2/@babel/code-frame/-/code-frame-7.24.7.tgz",
      "integrity": "sha1-iC/Z4J6O4yTklr0EBAHG8EbvRGU=",
      "dev": true,
      "requires": {
        "@babel/highlight": "^7.24.7",
        "picocolors": "^1.0.0"
      }
    },
    "@babel/helper-validator-identifier": {
      "version": "7.24.7",
      "resolved": "https://artifacts.cloud.caixabank.com/artifactory/api/npm/arq-openfront-npm-group2/@babel/helper-validator-identifier/-/helper-validator-identifier-7.24.7.tgz",
      "integrity": "sha1-dbiJz6+eNcKq9Czw1yyOkXGSUds=",
      "dev": true
    },
    "@babel/highlight": {
      "version": "7.24.7",
      "resolved": "https://artifacts.cloud.caixabank.com/artifactory/api/npm/arq-openfront-npm-group2/@babel/highlight/-/highlight-7.24.7.tgz",
      "integrity": "sha1-oFqx3xNLKGVYquDtQebF9zG/QJ0=",
      "dev": true,
      "requires": {
        "@babel/helper-validator-identifier": "^7.24.7",
        "chalk": "^2.4.2",
        "js-tokens": "^4.0.0",
        "picocolors": "^1.0.0"
      }
    },
    "@csstools/css-parser-algorithms": {
      "version": "2.7.1",
      "resolved": "https://artifacts.cloud.caixabank.com/artifactory/api/npm/arq-openfront-npm-group2/@csstools/css-parser-algorithms/-/css-parser-algorithms-2.7.1.tgz",
      "integrity": "sha1-bZOo99iut82e0IaPlG5G8CG2qnA=",
      "dev": true
    },
    "@csstools/css-tokenizer": {
      "version": "2.4.1",
      "resolved": "https://artifacts.cloud.caixabank.com/artifactory/api/npm/arq-openfront-npm-group2/@csstools/css-tokenizer/-/css-tokenizer-2.4.1.tgz",
      "integrity": "sha1-HYsuIAGXz181zrB8otreMfOgCug=",
      "dev": true
    },
    "@csstools/media-query-list-parser": {
      "version": "2.1.13",
      "resolved": "https://artifacts.cloud.caixabank.com/artifactory/api/npm/arq-openfront-npm-group2/@csstools/media-query-list-parser/-/media-query-list-parser-2.1.13.tgz",
      "integrity": "sha1-8AvpP2vt4HwU3fUaForSdI5P6eU=",
      "dev": true
    },
    "@csstools/selector-specificity": {
      "version": "3.1.1",
      "resolved": "https://artifacts.cloud.caixabank.com/artifactory/api/npm/arq-openfront-npm-group2/@csstools/selector-specificity/-/selector-specificity-3.1.1.tgz",
      "integrity": "sha1-YwhdKZXKDw5VqouKB9ab/Ui4RP4=",
      "dev": true
    },
    "@dual-bundle/import-meta-resolve": {
      "version": "4.1.0",
      "resolved": "https://artifacts.cloud.caixabank.com/artifactory/api/npm/arq-openfront-npm-group2/@dual-bundle/import-meta-resolve/-/import-meta-resolve-4.1.0.tgz",
      "integrity": "sha1-UZwVSbDhR3WeeCVwHs/9JeWBn3s=",
      "dev": true
    },
    "@nodelib/fs.scandir": {
      "version": "2.1.5",
      "resolved": "https://artifacts.cloud.caixabank.com/artifactory/api/npm/arq-openfront-npm-group2/@nodelib/fs.scandir/-/fs.scandir-2.1.5.tgz",
      "integrity": "sha1-dhnC6yGyVIP20WdUi0z9WnSIw9U=",
      "dev": true,
      "requires": {
        "@nodelib/fs.stat": "2.0.5",
        "run-parallel": "^1.1.9"
      }
    },
    "@nodelib/fs.stat": {
      "version": "2.0.5",
      "resolved": "https://artifacts.cloud.caixabank.com/artifactory/api/npm/arq-openfront-npm-group2/@nodelib/fs.stat/-/fs.stat-2.0.5.tgz",
      "integrity": "sha1-W9Jir5Tp0lvR5xsF3u1Eh2oiLos=",
      "dev": true
    },
    "@nodelib/fs.walk": {
      "version": "1.2.8",
      "resolved": "https://artifacts.cloud.caixabank.com/artifactory/api/npm/arq-openfront-npm-group2/@nodelib/fs.walk/-/fs.walk-1.2.8.tgz",
      "integrity": "sha1-6Vc36LtnRt3t9pxVaVNJTxlv5po=",
      "dev": true,
      "requires": {
        "@nodelib/fs.scandir": "2.1.5",
        "fastq": "^1.6.0"
      }
    },
    "@stylistic/stylelint-plugin": {
      "version": "2.1.3",
      "resolved": "https://artifacts.cloud.caixabank.com/artifactory/api/npm/arq-openfront-npm-group2/@stylistic/stylelint-plugin/-/stylelint-plugin-2.1.3.tgz",
      "integrity": "sha1-o21KrX7OwjMSb/cq56y1Bcdn8Uw=",
      "dev": true,
      "requires": {
        "@csstools/css-parser-algorithms": "^2.7.1",
        "@csstools/css-tokenizer": "^2.4.1",
        "@csstools/media-query-list-parser": "^2.1.13",
        "is-plain-object": "^5.0.0",
        "postcss-selector-parser": "^6.1.1",
        "postcss-value-parser": "^4.2.0",
        "style-search": "^0.1.0",
        "stylelint": "^16.8.0"
      }
    },
    "ajv": {
      "version": "8.17.1",
      "resolved": "https://artifacts.cloud.caixabank.com/artifactory/api/npm/arq-openfront-npm-group2/ajv/-/ajv-8.17.1.tgz",
      "integrity": "sha1-N9mlx3ava8ktf0+VEOukwKYNEaY=",
      "dev": true,
      "requires": {
        "fast-deep-equal": "^3.1.3",
        "fast-uri": "^3.0.1",
        "json-schema-traverse": "^1.0.0",
        "require-from-string": "^2.0.2"
      }
    },
    "ansi-regex": {
      "version": "5.0.1",
      "resolved": "https://artifacts.cloud.caixabank.com/artifactory/api/npm/arq-openfront-npm-group2/ansi-regex/-/ansi-regex-5.0.1.tgz",
      "integrity": "sha1-CCyyyJyf6GWaMRpTvWpNxTAdswQ=",
      "dev": true
    },
    "ansi-styles": {
      "version": "3.2.1",
      "resolved": "https://artifacts.cloud.caixabank.com/artifactory/api/npm/arq-openfront-npm-group2/ansi-styles/-/ansi-styles-3.2.1.tgz",
      "integrity": "sha1-QfuyAkPlCxK+DwS43tvwdSDOhB0=",
      "dev": true,
      "requires": {
        "color-convert": "^1.9.0"
      }
    },
    "argparse": {
      "version": "2.0.1",
      "resolved": "https://artifacts.cloud.caixabank.com/artifactory/api/npm/arq-openfront-npm-group2/argparse/-/argparse-2.0.1.tgz",
      "integrity": "sha1-JG9Q88p4oyQPbJl+ipvR6sSeSzg=",
      "dev": true
    },
    "array-union": {
      "version": "2.1.0",
      "resolved": "https://artifacts.cloud.caixabank.com/artifactory/api/npm/arq-openfront-npm-group2/array-union/-/array-union-2.1.0.tgz",
      "integrity": "sha1-t5hCCtvrHego2ErNii4j0+/oXo0=",
      "dev": true
    },
    "astral-regex": {
      "version": "2.0.0",
      "resolved": "https://artifacts.cloud.caixabank.com/artifactory/api/npm/arq-openfront-npm-group2/astral-regex/-/astral-regex-2.0.0.tgz",
      "integrity": "sha1-SDFDxWeu7UeFdZwIZXhtx319LjE=",
      "dev": true
    },
    "balanced-match": {
      "version": "2.0.0",
      "resolved": "https://artifacts.cloud.caixabank.com/artifactory/api/npm/arq-openfront-npm-group2/balanced-match/-/balanced-match-2.0.0.tgz",
      "integrity": "sha1-3HD5INeNuLhYU1eVhnv0j4IGM9k=",
      "dev": true
    },
    "braces": {
      "version": "3.0.3",
      "resolved": "https://artifacts.cloud.caixabank.com/artifactory/api/npm/arq-openfront-npm-group2/braces/-/braces-3.0.3.tgz",
      "integrity": "sha1-SQMy9AkZRSJy1VqEgK3AxEE1h4k=",
      "dev": true,
      "requires": {
        "fill-range": "^7.1.1"
      }
    },
    "callsites": {
      "version": "3.1.0",
      "resolved": "https://artifacts.cloud.caixabank.com/artifactory/api/npm/arq-openfront-npm-group2/callsites/-/callsites-3.1.0.tgz",
      "integrity": "sha1-s2MKvYlDQy9Us/BRkjjjPNffL3M=",
      "dev": true
    },
    "chalk": {
      "version": "2.4.2",
      "resolved": "https://artifacts.cloud.caixabank.com/artifactory/api/npm/arq-openfront-npm-group2/chalk/-/chalk-2.4.2.tgz",
      "integrity": "sha1-zUJUFnelQzPPVBpJEIwUMrRMlCQ=",
      "dev": true,
      "requires": {
        "ansi-styles": "^3.2.1",
        "escape-string-regexp": "^1.0.5",
        "supports-color": "^5.3.0"
      }
    },
    "color-convert": {
      "version": "1.9.3",
      "resolved": "https://artifacts.cloud.caixabank.com/artifactory/api/npm/arq-openfront-npm-group2/color-convert/-/color-convert-1.9.3.tgz",
      "integrity": "sha1-u3GFBpDh8TZWfeYp0tVHHe2kweg=",
      "dev": true,
      "requires": {
        "color-name": "1.1.3"
      }
    },
    "color-name": {
      "version": "1.1.3",
      "resolved": "https://artifacts.cloud.caixabank.com/artifactory/api/npm/arq-openfront-npm-group2/color-name/-/color-name-1.1.3.tgz",
      "integrity": "sha1-p9BVi9icQveV3UIyj3QIMcpTvCU=",
      "dev": true
    },
    "colord": {
      "version": "2.9.3",
      "resolved": "https://artifacts.cloud.caixabank.com/artifactory/api/npm/arq-openfront-npm-group2/colord/-/colord-2.9.3.tgz",
      "integrity": "sha1-T4zpGd5Fbx1cHDaMMH/iDz5Z+0M=",
      "dev": true
    },
    "cosmiconfig": {
      "version": "9.0.0",
      "resolved": "https://artifacts.cloud.caixabank.com/artifactory/api/npm/arq-openfront-npm-group2/cosmiconfig/-/cosmiconfig-9.0.0.tgz",
      "integrity": "sha1-NMP8WCh7kV866QWrbcPeJYtVrZ0=",
      "dev": true,
      "requires": {
        "env-paths": "^2.2.1",
        "import-fresh": "^3.3.0",
        "js-yaml": "^4.1.0",
        "parse-json": "^5.2.0"
      }
    },
    "css-functions-list": {
      "version": "3.2.2",
      "resolved": "https://artifacts.cloud.caixabank.com/artifactory/api/npm/arq-openfront-npm-group2/css-functions-list/-/css-functions-list-3.2.2.tgz",
      "integrity": "sha1-mlTG3YQW7SXBB5zYgjTpJ1JsGSI=",
      "dev": true
    },
    "css-tree": {
      "version": "2.3.1",
      "resolved": "https://artifacts.cloud.caixabank.com/artifactory/api/npm/arq-openfront-npm-group2/css-tree/-/css-tree-2.3.1.tgz",
      "integrity": "sha1-ECZM4eVELoVy/IL75JBkT/VLXCA=",
      "dev": true,
      "requires": {
        "mdn-data": "2.0.30",
        "source-map-js": "^1.0.1"
      }
    },
    "cssesc": {
      "version": "3.0.0",
      "resolved": "https://artifacts.cloud.caixabank.com/artifactory/api/npm/arq-openfront-npm-group2/cssesc/-/cssesc-3.0.0.tgz",
      "integrity": "sha1-N3QZGZA7hoVl4cCep0dEXNGJg+4=",
      "dev": true
    },
    "debug": {
      "version": "4.3.6",
      "resolved": "https://artifacts.cloud.caixabank.com/artifactory/api/npm/arq-openfront-npm-group2/debug/-/debug-4.3.6.tgz",
      "integrity": "sha1-KrLDj7r/6/iqlf3+bYhDjHoTxSs=",
      "dev": true,
      "requires": {
        "ms": "2.1.2"
      }
    },
    "dir-glob": {
      "version": "3.0.1",
      "resolved": "https://artifacts.cloud.caixabank.com/artifactory/api/npm/arq-openfront-npm-group2/dir-glob/-/dir-glob-3.0.1.tgz",
      "integrity": "sha1-Vtv3PZkqSpO6FYT0U0Bj/S5BcX8=",
      "dev": true,
      "requires": {
        "path-type": "^4.0.0"
      }
    },
    "emoji-regex": {
      "version": "8.0.0",
      "resolved": "https://artifacts.cloud.caixabank.com/artifactory/api/npm/arq-openfront-npm-group2/emoji-regex/-/emoji-regex-8.0.0.tgz",
      "integrity": "sha1-6Bj9ac5cz8tARZT4QpY79TFkzDc=",
      "dev": true
    },
    "env-paths": {
      "version": "2.2.1",
      "resolved": "https://artifacts.cloud.caixabank.com/artifactory/api/npm/arq-openfront-npm-group2/env-paths/-/env-paths-2.2.1.tgz",
      "integrity": "sha1-QgOZ1BbOH76bwKB8Yvpo1n/Q+PI=",
      "dev": true
    },
    "error-ex": {
      "version": "1.3.2",
      "resolved": "https://artifacts.cloud.caixabank.com/artifactory/api/npm/arq-openfront-npm-group2/error-ex/-/error-ex-1.3.2.tgz",
      "integrity": "sha1-tKxAZIEH/c3PriQvQovqihTU8b8=",
      "dev": true,
      "requires": {
        "is-arrayish": "^0.2.1"
      }
    },
    "escape-string-regexp": {
      "version": "1.0.5",
      "resolved": "https://artifacts.cloud.caixabank.com/artifactory/api/npm/arq-openfront-npm-group2/escape-string-regexp/-/escape-string-regexp-1.0.5.tgz",
      "integrity": "sha1-G2HAViGQqN/2rjuyzwIAyhMLhtQ=",
      "dev": true
    },
    "fast-deep-equal": {
      "version": "3.1.3",
      "resolved": "https://artifacts.cloud.caixabank.com/artifactory/api/npm/arq-openfront-npm-group2/fast-deep-equal/-/fast-deep-equal-3.1.3.tgz",
      "integrity": "sha1-On1WtVnWy8PrUSMlJE5hmmXGxSU=",
      "dev": true
    },
    "fast-diff": {
      "version": "1.3.0",
      "resolved": "https://artifacts.cloud.caixabank.com/artifactory/api/npm/arq-openfront-npm-group2/fast-diff/-/fast-diff-1.3.0.tgz",
      "integrity": "sha1-7OQH+lUKZNY4U2zXJ+EpxhYW4PA=",
      "dev": true
    },
    "fast-glob": {
      "version": "3.3.2",
      "resolved": "https://artifacts.cloud.caixabank.com/artifactory/api/npm/arq-openfront-npm-group2/fast-glob/-/fast-glob-3.3.2.tgz",
      "integrity": "sha1-qQRQHlfP3S/83tRemaVP71XkYSk=",
      "dev": true,
      "requires": {
        "@nodelib/fs.stat": "^2.0.2",
        "@nodelib/fs.walk": "^1.2.3",
        "glob-parent": "^5.1.2",
        "merge2": "^1.3.0",
        "micromatch": "^4.0.4"
      }
    },
    "fast-uri": {
      "version": "3.0.1",
      "resolved": "https://artifacts.cloud.caixabank.com/artifactory/api/npm/arq-openfront-npm-group2/fast-uri/-/fast-uri-3.0.1.tgz",
      "integrity": "sha1-zd0u7PyDpxwb4swu8gYTMb6KcTQ=",
      "dev": true
    },
    "fastest-levenshtein": {
      "version": "1.0.16",
      "resolved": "https://artifacts.cloud.caixabank.com/artifactory/api/npm/arq-openfront-npm-group2/fastest-levenshtein/-/fastest-levenshtein-1.0.16.tgz",
      "integrity": "sha1-IQ5htv8YHekeqbPRuE/e3UfgNOU=",
      "dev": true
    },
    "fastq": {
      "version": "1.17.1",
      "resolved": "https://artifacts.cloud.caixabank.com/artifactory/api/npm/arq-openfront-npm-group2/fastq/-/fastq-1.17.1.tgz",
      "integrity": "sha1-KlI/B6TnsegaQrkbi/IlQQd1O0c=",
      "dev": true,
      "requires": {
        "reusify": "^1.0.4"
      }
    },
    "file-entry-cache": {
      "version": "9.0.0",
      "resolved": "https://artifacts.cloud.caixabank.com/artifactory/api/npm/arq-openfront-npm-group2/file-entry-cache/-/file-entry-cache-9.0.0.tgz",
      "integrity": "sha1-RHjnzqpRkfqWdqLapwMCEcMbHn4=",
      "dev": true,
      "requires": {
        "flat-cache": "^5.0.0"
      }
    },
    "fill-range": {
      "version": "7.1.1",
      "resolved": "https://artifacts.cloud.caixabank.com/artifactory/api/npm/arq-openfront-npm-group2/fill-range/-/fill-range-7.1.1.tgz",
      "integrity": "sha1-RCZdPKwH4+p9wkdRY4BkN1SgUpI=",
      "dev": true,
      "requires": {
        "to-regex-range": "^5.0.1"
      }
    },
    "flat-cache": {
      "version": "5.0.0",
      "resolved": "https://artifacts.cloud.caixabank.com/artifactory/api/npm/arq-openfront-npm-group2/flat-cache/-/flat-cache-5.0.0.tgz",
      "integrity": "sha1-JsTaew8oi0CLsrUGsstmwkDd8GI=",
      "dev": true,
      "requires": {
        "flatted": "^3.3.1",
        "keyv": "^4.5.4"
      }
    },
    "flatted": {
      "version": "3.3.1",
      "resolved": "https://artifacts.cloud.caixabank.com/artifactory/api/npm/arq-openfront-npm-group2/flatted/-/flatted-3.3.1.tgz",
      "integrity": "sha1-IdtHBymmc01JlwAvQ5yzCJh/Vno=",
      "dev": true
    },
    "glob-parent": {
      "version": "5.1.2",
      "resolved": "https://artifacts.cloud.caixabank.com/artifactory/api/npm/arq-openfront-npm-group2/glob-parent/-/glob-parent-5.1.2.tgz",
      "integrity": "sha1-hpgyxYA0/mikCTwX3BXoNA2EAcQ=",
      "dev": true,
      "requires": {
        "is-glob": "^4.0.1"
      }
    },
    "global-modules": {
      "version": "2.0.0",
      "resolved": "https://artifacts.cloud.caixabank.com/artifactory/api/npm/arq-openfront-npm-group2/global-modules/-/global-modules-2.0.0.tgz",
      "integrity": "sha1-mXYFrSNF8n9RU5vqJldEISFcd4A=",
      "dev": true,
      "requires": {
        "global-prefix": "^3.0.0"
      }
    },
    "global-prefix": {
      "version": "3.0.0",
      "resolved": "https://artifacts.cloud.caixabank.com/artifactory/api/npm/arq-openfront-npm-group2/global-prefix/-/global-prefix-3.0.0.tgz",
      "integrity": "sha1-/IX3MGTfafUEIfR/iD/luRO6m5c=",
      "dev": true,
      "requires": {
        "ini": "^1.3.5",
        "kind-of": "^6.0.2",
        "which": "^1.3.1"
      }
    },
    "globby": {
      "version": "11.1.0",
      "resolved": "https://artifacts.cloud.caixabank.com/artifactory/api/npm/arq-openfront-npm-group2/globby/-/globby-11.1.0.tgz",
      "integrity": "sha1-vUvpi7BC+D15b344EZkfvoKg00s=",
      "dev": true,
      "requires": {
        "array-union": "^2.1.0",
        "dir-glob": "^3.0.1",
        "fast-glob": "^3.2.9",
        "ignore": "^5.2.0",
        "merge2": "^1.4.1",
        "slash": "^3.0.0"
      }
    },
    "globjoin": {
      "version": "0.1.4",
      "resolved": "https://artifacts.cloud.caixabank.com/artifactory/api/npm/arq-openfront-npm-group2/globjoin/-/globjoin-0.1.4.tgz",
      "integrity": "sha1-L0SUrIkZ43Z8XLtpHp9GMyQoXUM=",
      "dev": true
    },
    "has-flag": {
      "version": "3.0.0",
      "resolved": "https://artifacts.cloud.caixabank.com/artifactory/api/npm/arq-openfront-npm-group2/has-flag/-/has-flag-3.0.0.tgz",
      "integrity": "sha1-tdRU3CGZriJWmfNGfloH87lVuv0=",
      "dev": true
    },
    "html-tags": {
      "version": "3.3.1",
      "resolved": "https://artifacts.cloud.caixabank.com/artifactory/api/npm/arq-openfront-npm-group2/html-tags/-/html-tags-3.3.1.tgz",
      "integrity": "sha1-oEAmoYyILku6igGj05z+Rl1Atc4=",
      "dev": true
    },
    "ignore": {
      "version": "5.3.1",
      "resolved": "https://artifacts.cloud.caixabank.com/artifactory/api/npm/arq-openfront-npm-group2/ignore/-/ignore-5.3.1.tgz",
      "integrity": "sha1-UHPlVM1CxbM7OUN19Ti4WT401O8=",
      "dev": true
    },
    "import-fresh": {
      "version": "3.3.0",
      "resolved": "https://artifacts.cloud.caixabank.com/artifactory/api/npm/arq-openfront-npm-group2/import-fresh/-/import-fresh-3.3.0.tgz",
      "integrity": "sha1-NxYsJfy566oublPVtNiM4X2eDCs=",
      "dev": true,
      "requires": {
        "parent-module": "^1.0.0",
        "resolve-from": "^4.0.0"
      },
      "dependencies": {
        "resolve-from": {
          "version": "4.0.0",
          "resolved": "https://artifacts.cloud.caixabank.com/artifactory/api/npm/arq-openfront-npm-group2/resolve-from/-/resolve-from-4.0.0.tgz",
          "integrity": "sha1-SrzYUq0y3Xuqv+m0DgCjbbXzkuY=",
          "dev": true
        }
      }
    },
    "imurmurhash": {
      "version": "0.1.4",
      "resolved": "https://artifacts.cloud.caixabank.com/artifactory/api/npm/arq-openfront-npm-group2/imurmurhash/-/imurmurhash-0.1.4.tgz",
      "integrity": "sha1-khi5srkoojixPcT7a21XbyMUU+o=",
      "dev": true
    },
    "ini": {
      "version": "1.3.8",
      "resolved": "https://artifacts.cloud.caixabank.com/artifactory/api/npm/arq-openfront-npm-group2/ini/-/ini-1.3.8.tgz",
      "integrity": "sha1-op2kJbSIBvNHZ6Tvzjlyaa8oQyw=",
      "dev": true
    },
    "is-arrayish": {
      "version": "0.2.1",
      "resolved": "https://artifacts.cloud.caixabank.com/artifactory/api/npm/arq-openfront-npm-group2/is-arrayish/-/is-arrayish-0.2.1.tgz",
      "integrity": "sha1-d8mYQFJ6qOyxqLppe4BkWnqSap0=",
      "dev": true
    },
    "is-extglob": {
      "version": "2.1.1",
      "resolved": "https://artifacts.cloud.caixabank.com/artifactory/api/npm/arq-openfront-npm-group2/is-extglob/-/is-extglob-2.1.1.tgz",
      "integrity": "sha1-qIwCU1eR8C7TfHahueqXc8gz+MI=",
      "dev": true
    },
    "is-fullwidth-code-point": {
      "version": "3.0.0",
      "resolved": "https://artifacts.cloud.caixabank.com/artifactory/api/npm/arq-openfront-npm-group2/is-fullwidth-code-point/-/is-fullwidth-code-point-3.0.0.tgz",
      "integrity": "sha1-8Rb4Bk/pCz94RKOJl8C3UFEmnx0=",
      "dev": true
    },
    "is-glob": {
      "version": "4.0.3",
      "resolved": "https://artifacts.cloud.caixabank.com/artifactory/api/npm/arq-openfront-npm-group2/is-glob/-/is-glob-4.0.3.tgz",
      "integrity": "sha1-ZPYeQsu7LuwgcanawLKLoeZdUIQ=",
      "dev": true,
      "requires": {
        "is-extglob": "^2.1.1"
      }
    },
    "is-number": {
      "version": "7.0.0",
      "resolved": "https://artifacts.cloud.caixabank.com/artifactory/api/npm/arq-openfront-npm-group2/is-number/-/is-number-7.0.0.tgz",
      "integrity": "sha1-dTU0W4lnNNX4DE0GxQlVUnoU8Ss=",
      "dev": true
    },
    "is-plain-object": {
      "version": "5.0.0",
      "resolved": "https://artifacts.cloud.caixabank.com/artifactory/api/npm/arq-openfront-npm-group2/is-plain-object/-/is-plain-object-5.0.0.tgz",
      "integrity": "sha1-RCf1CrNCnpAl6n1S6QQ6nvQVk0Q=",
      "dev": true
    },
    "isexe": {
      "version": "2.0.0",
      "resolved": "https://artifacts.cloud.caixabank.com/artifactory/api/npm/arq-openfront-npm-group2/isexe/-/isexe-2.0.0.tgz",
      "integrity": "sha1-6PvzdNxVb/iUehDcsFctYz8s+hA=",
      "dev": true
    },
    "js-tokens": {
      "version": "4.0.0",
      "resolved": "https://artifacts.cloud.caixabank.com/artifactory/api/npm/arq-openfront-npm-group2/js-tokens/-/js-tokens-4.0.0.tgz",
      "integrity": "sha1-GSA/tZmR35jjoocFDUZHzerzJJk=",
      "dev": true
    },
    "js-yaml": {
      "version": "4.1.0",
      "resolved": "https://artifacts.cloud.caixabank.com/artifactory/api/npm/arq-openfront-npm-group2/js-yaml/-/js-yaml-4.1.0.tgz",
      "integrity": "sha1-wftl+PUBeQHN0slRhkuhhFihBgI=",
      "dev": true,
      "requires": {
        "argparse": "^2.0.1"
      }
    },
    "json-buffer": {
      "version": "3.0.1",
      "resolved": "https://artifacts.cloud.caixabank.com/artifactory/api/npm/arq-openfront-npm-group2/json-buffer/-/json-buffer-3.0.1.tgz",
      "integrity": "sha1-kziAKjDTtmBfvgYT4JQAjKjAWhM=",
      "dev": true
    },
    "json-parse-even-better-errors": {
      "version": "2.3.1",
      "resolved": "https://artifacts.cloud.caixabank.com/artifactory/api/npm/arq-openfront-npm-group2/json-parse-even-better-errors/-/json-parse-even-better-errors-2.3.1.tgz",
      "integrity": "sha1-fEeAWpQxmSjgV3dAXcEuH3pO4C0=",
      "dev": true
    },
    "json-schema-traverse": {
      "version": "1.0.0",
      "resolved": "https://artifacts.cloud.caixabank.com/artifactory/api/npm/arq-openfront-npm-group2/json-schema-traverse/-/json-schema-traverse-1.0.0.tgz",
      "integrity": "sha1-rnvLNlard6c7pcSb9lTzjmtoYOI=",
      "dev": true
    },
    "keyv": {
      "version": "4.5.4",
      "resolved": "https://artifacts.cloud.caixabank.com/artifactory/api/npm/arq-openfront-npm-group2/keyv/-/keyv-4.5.4.tgz",
      "integrity": "sha1-qHmpnilFL5QkOfKkBeOvizHU3pM=",
      "dev": true,
      "requires": {
        "json-buffer": "3.0.1"
      }
    },
    "kind-of": {
      "version": "6.0.3",
      "resolved": "https://artifacts.cloud.caixabank.com/artifactory/api/npm/arq-openfront-npm-group2/kind-of/-/kind-of-6.0.3.tgz",
      "integrity": "sha1-B8BQNKbDSfoG4k+jWqdttFgM5N0=",
      "dev": true
    },
    "known-css-properties": {
      "version": "0.34.0",
      "resolved": "https://artifacts.cloud.caixabank.com/artifactory/api/npm/arq-openfront-npm-group2/known-css-properties/-/known-css-properties-0.34.0.tgz",
      "integrity": "sha1-zNfp9DiDAiMbPxdKix1bH3tXbOo=",
      "dev": true
    },
    "lines-and-columns": {
      "version": "1.2.4",
      "resolved": "https://artifacts.cloud.caixabank.com/artifactory/api/npm/arq-openfront-npm-group2/lines-and-columns/-/lines-and-columns-1.2.4.tgz",
      "integrity": "sha1-7KKE910pZQeTCdwK2SVauy68FjI=",
      "dev": true
    },
    "lodash.truncate": {
      "version": "4.4.2",
      "resolved": "https://artifacts.cloud.caixabank.com/artifactory/api/npm/arq-openfront-npm-group2/lodash.truncate/-/lodash.truncate-4.4.2.tgz",
      "integrity": "sha1-WjUNoLERO4N+z//VgSy+WNbq4ZM=",
      "dev": true
    },
    "mathml-tag-names": {
      "version": "2.1.3",
      "resolved": "https://artifacts.cloud.caixabank.com/artifactory/api/npm/arq-openfront-npm-group2/mathml-tag-names/-/mathml-tag-names-2.1.3.tgz",
      "integrity": "sha1-TdrdZzCOeAzxakdoWHjuJ7c2oKM=",
      "dev": true
    },
    "mdn-data": {
      "version": "2.0.30",
      "resolved": "https://artifacts.cloud.caixabank.com/artifactory/api/npm/arq-openfront-npm-group2/mdn-data/-/mdn-data-2.0.30.tgz",
      "integrity": "sha1-zk32+Ar2z74hjs1cVSuhPE36CMw=",
      "dev": true
    },
    "meow": {
      "version": "13.2.0",
      "resolved": "https://artifacts.cloud.caixabank.com/artifactory/api/npm/arq-openfront-npm-group2/meow/-/meow-13.2.0.tgz",
      "integrity": "sha1-a31j+RP5hAY7PMJhtuiADEzTR08=",
      "dev": true
    },
    "merge2": {
      "version": "1.4.1",
      "resolved": "https://artifacts.cloud.caixabank.com/artifactory/api/npm/arq-openfront-npm-group2/merge2/-/merge2-1.4.1.tgz",
      "integrity": "sha1-Q2iJL4hekHRVpv19xVwMnUBJkK4=",
      "dev": true
    },
    "micromatch": {
      "version": "4.0.7",
      "resolved": "https://artifacts.cloud.caixabank.com/artifactory/api/npm/arq-openfront-npm-group2/micromatch/-/micromatch-4.0.7.tgz",
      "integrity": "sha1-M+gZDZ/kdKmJVSX1YY7uE21GwuU=",
      "dev": true,
      "requires": {
        "braces": "^3.0.3",
        "picomatch": "^2.3.1"
      }
    },
    "ms": {
      "version": "2.1.2",
      "resolved": "https://artifacts.cloud.caixabank.com/artifactory/api/npm/arq-openfront-npm-group2/ms/-/ms-2.1.2.tgz",
      "integrity": "sha1-0J0fNXtEP0kzgqjrPM0YOHKuYAk=",
      "dev": true
    },
    "nanoid": {
      "version": "3.3.7",
      "resolved": "https://artifacts.cloud.caixabank.com/artifactory/api/npm/arq-openfront-npm-group2/nanoid/-/nanoid-3.3.7.tgz",
      "integrity": "sha1-0MMBppG8jVTvoKIibM8/4v1la9g=",
      "dev": true
    },
    "normalize-path": {
      "version": "3.0.0",
      "resolved": "https://artifacts.cloud.caixabank.com/artifactory/api/npm/arq-openfront-npm-group2/normalize-path/-/normalize-path-3.0.0.tgz",
      "integrity": "sha1-Dc1p/yOhybEf0JeDFmRKA4ghamU=",
      "dev": true
    },
    "normalize-scss": {
      "version": "8.0.0",
      "resolved": "https://artifacts.cloud.caixabank.com/artifactory/api/npm/arq-openfront-npm-group2/normalize-scss/-/normalize-scss-8.0.0.tgz",
      "integrity": "sha1-1R0NxZKbtfsQfeIT4U5dAkMO+GM="
    },
    "parent-module": {
      "version": "1.0.1",
      "resolved": "https://artifacts.cloud.caixabank.com/artifactory/api/npm/arq-openfront-npm-group2/parent-module/-/parent-module-1.0.1.tgz",
      "integrity": "sha1-aR0nCeeMefrjoVZiJFLQB2LKqqI=",
      "dev": true,
      "requires": {
        "callsites": "^3.0.0"
      }
    },
    "parse-json": {
      "version": "5.2.0",
      "resolved": "https://artifacts.cloud.caixabank.com/artifactory/api/npm/arq-openfront-npm-group2/parse-json/-/parse-json-5.2.0.tgz",
      "integrity": "sha1-x2/Gbe5UIxyWKyK8yKcs8vmXU80=",
      "dev": true,
      "requires": {
        "@babel/code-frame": "^7.0.0",
        "error-ex": "^1.3.1",
        "json-parse-even-better-errors": "^2.3.0",
        "lines-and-columns": "^1.1.6"
      }
    },
    "path-type": {
      "version": "4.0.0",
      "resolved": "https://artifacts.cloud.caixabank.com/artifactory/api/npm/arq-openfront-npm-group2/path-type/-/path-type-4.0.0.tgz",
      "integrity": "sha1-hO0BwKe6OAr+CdkKjBgNzZ0DBDs=",
      "dev": true
    },
    "picocolors": {
      "version": "1.0.1",
      "resolved": "https://artifacts.cloud.caixabank.com/artifactory/api/npm/arq-openfront-npm-group2/picocolors/-/picocolors-1.0.1.tgz",
      "integrity": "sha1-qK1Xm1cZUvDl0liS3lRFvP4lqqE=",
      "dev": true
    },
    "picomatch": {
      "version": "2.3.1",
      "resolved": "https://artifacts.cloud.caixabank.com/artifactory/api/npm/arq-openfront-npm-group2/picomatch/-/picomatch-2.3.1.tgz",
      "integrity": "sha1-O6ODNzNkbZ0+SZWUbBNlpn+wekI=",
      "dev": true
    },
    "postcss": {
      "version": "8.4.40",
      "resolved": "https://artifacts.cloud.caixabank.com/artifactory/api/npm/arq-openfront-npm-group2/postcss/-/postcss-8.4.40.tgz",
      "integrity": "sha1-64HypN12aO2Gmm2yWZngLprZCdg=",
      "dev": true,
      "requires": {
        "nanoid": "^3.3.7",
        "picocolors": "^1.0.1",
        "source-map-js": "^1.2.0"
      }
    },
    "postcss-media-query-parser": {
      "version": "0.2.3",
      "resolved": "https://artifacts.cloud.caixabank.com/artifactory/api/npm/arq-openfront-npm-group2/postcss-media-query-parser/-/postcss-media-query-parser-0.2.3.tgz",
      "integrity": "sha1-J7Ocb02U+Bsac7j3Y1HGCeXO8kQ=",
      "dev": true
    },
    "postcss-resolve-nested-selector": {
      "version": "0.1.4",
      "resolved": "https://artifacts.cloud.caixabank.com/artifactory/api/npm/arq-openfront-npm-group2/postcss-resolve-nested-selector/-/postcss-resolve-nested-selector-0.1.4.tgz",
      "integrity": "sha1-AGh2eQL7QPDmzXsk+u5PpLwUpdo=",
      "dev": true
    },
    "postcss-safe-parser": {
      "version": "7.0.0",
      "resolved": "https://artifacts.cloud.caixabank.com/artifactory/api/npm/arq-openfront-npm-group2/postcss-safe-parser/-/postcss-safe-parser-7.0.0.tgz",
      "integrity": "sha1-YnPU5RSeKG21pFvGz26vytRkAUo=",
      "dev": true
    },
    "postcss-scss": {
      "version": "4.0.9",
      "resolved": "https://artifacts.cloud.caixabank.com/artifactory/api/npm/arq-openfront-npm-group2/postcss-scss/-/postcss-scss-4.0.9.tgz",
      "integrity": "sha1-oDx3PNTJYjywTOFCpSr87HSAZoU=",
      "dev": true
    },
    "postcss-selector-parser": {
      "version": "6.1.1",
      "resolved": "https://artifacts.cloud.caixabank.com/artifactory/api/npm/arq-openfront-npm-group2/postcss-selector-parser/-/postcss-selector-parser-6.1.1.tgz",
      "integrity": "sha1-W+lLJ3uJVZBEdqJAAmAALObFbjg=",
      "dev": true,
      "requires": {
        "cssesc": "^3.0.0",
        "util-deprecate": "^1.0.2"
      }
    },
    "postcss-value-parser": {
      "version": "4.2.0",
      "resolved": "https://artifacts.cloud.caixabank.com/artifactory/api/npm/arq-openfront-npm-group2/postcss-value-parser/-/postcss-value-parser-4.2.0.tgz",
      "integrity": "sha1-cjwJkgg2um0+WvAZ+SvAlxwC5RQ=",
      "dev": true
    },
    "prettier": {
      "version": "3.3.3",
      "resolved": "https://artifacts.cloud.caixabank.com/artifactory/api/npm/arq-openfront-npm-group2/prettier/-/prettier-3.3.3.tgz",
      "integrity": "sha1-MMVP4L4NjRLmrmHbsQEJ6gDVMQU=",
      "dev": true
    },
    "prettier-linter-helpers": {
      "version": "1.0.0",
      "resolved": "https://artifacts.cloud.caixabank.com/artifactory/api/npm/arq-openfront-npm-group2/prettier-linter-helpers/-/prettier-linter-helpers-1.0.0.tgz",
      "integrity": "sha1-0j1B/hN1ZG3i0BBNNFSjAIgCz3s=",
      "dev": true,
      "requires": {
        "fast-diff": "^1.1.2"
      }
    },
    "queue-microtask": {
      "version": "1.2.3",
      "resolved": "https://artifacts.cloud.caixabank.com/artifactory/api/npm/arq-openfront-npm-group2/queue-microtask/-/queue-microtask-1.2.3.tgz",
      "integrity": "sha1-SSkii7xyTfrEPg77BYyve2z7YkM=",
      "dev": true
    },
    "require-from-string": {
      "version": "2.0.2",
      "resolved": "https://artifacts.cloud.caixabank.com/artifactory/api/npm/arq-openfront-npm-group2/require-from-string/-/require-from-string-2.0.2.tgz",
      "integrity": "sha1-iaf92TgmEmcxjq/hT5wy5ZjDaQk=",
      "dev": true
    },
    "resolve-from": {
      "version": "5.0.0",
      "resolved": "https://artifacts.cloud.caixabank.com/artifactory/api/npm/arq-openfront-npm-group2/resolve-from/-/resolve-from-5.0.0.tgz",
      "integrity": "sha1-w1IlhD3493bfIcV1V7wIfp39/Gk=",
      "dev": true
    },
    "reusify": {
      "version": "1.0.4",
      "resolved": "https://artifacts.cloud.caixabank.com/artifactory/api/npm/arq-openfront-npm-group2/reusify/-/reusify-1.0.4.tgz",
      "integrity": "sha1-kNo4Kx4SbvwCFG6QhFqI2xKSXXY=",
      "dev": true
    },
    "run-parallel": {
      "version": "1.2.0",
      "resolved": "https://artifacts.cloud.caixabank.com/artifactory/api/npm/arq-openfront-npm-group2/run-parallel/-/run-parallel-1.2.0.tgz",
      "integrity": "sha1-ZtE2jae9+SHrnZW9GpIp5/IaQ+4=",
      "dev": true,
      "requires": {
        "queue-microtask": "^1.2.2"
      }
    },
    "signal-exit": {
      "version": "4.1.0",
      "resolved": "https://artifacts.cloud.caixabank.com/artifactory/api/npm/arq-openfront-npm-group2/signal-exit/-/signal-exit-4.1.0.tgz",
      "integrity": "sha1-lSGIwcvVRgcOLdIND0HArgUwywQ=",
      "dev": true
    },
    "slash": {
      "version": "3.0.0",
      "resolved": "https://artifacts.cloud.caixabank.com/artifactory/api/npm/arq-openfront-npm-group2/slash/-/slash-3.0.0.tgz",
      "integrity": "sha1-ZTm+hwwWWtvVJAIg2+Nh8bxNRjQ=",
      "dev": true
    },
    "slice-ansi": {
      "version": "4.0.0",
      "resolved": "https://artifacts.cloud.caixabank.com/artifactory/api/npm/arq-openfront-npm-group2/slice-ansi/-/slice-ansi-4.0.0.tgz",
      "integrity": "sha1-UA6N0P1VsFgVCGJVsxla3ypF/ms=",
      "dev": true,
      "requires": {
        "ansi-styles": "^4.0.0",
        "astral-regex": "^2.0.0",
        "is-fullwidth-code-point": "^3.0.0"
      },
      "dependencies": {
        "ansi-styles": {
          "version": "4.3.0",
          "resolved": "https://artifacts.cloud.caixabank.com/artifactory/api/npm/arq-openfront-npm-group2/ansi-styles/-/ansi-styles-4.3.0.tgz",
          "integrity": "sha1-7dgDYornHATIWuegkG7a00tkiTc=",
          "dev": true,
          "requires": {
            "color-convert": "^2.0.1"
          }
        },
        "color-convert": {
          "version": "2.0.1",
          "resolved": "https://artifacts.cloud.caixabank.com/artifactory/api/npm/arq-openfront-npm-group2/color-convert/-/color-convert-2.0.1.tgz",
          "integrity": "sha1-ctOmjVmMm9s68q0ehPIdiWq9TeM=",
          "dev": true,
          "requires": {
            "color-name": "~1.1.4"
          }
        },
        "color-name": {
          "version": "1.1.4",
          "resolved": "https://artifacts.cloud.caixabank.com/artifactory/api/npm/arq-openfront-npm-group2/color-name/-/color-name-1.1.4.tgz",
          "integrity": "sha1-wqCah6y95pVD3m9j+jmVyCbFNqI=",
          "dev": true
        }
      }
    },
    "source-map-js": {
      "version": "1.2.0",
      "resolved": "https://artifacts.cloud.caixabank.com/artifactory/api/npm/arq-openfront-npm-group2/source-map-js/-/source-map-js-1.2.0.tgz",
      "integrity": "sha1-FrgJwWJRe1uMPn3NMVoqXCYSsq8=",
      "dev": true
    },
    "string-width": {
      "version": "4.2.3",
      "resolved": "https://artifacts.cloud.caixabank.com/artifactory/api/npm/arq-openfront-npm-group2/string-width/-/string-width-4.2.3.tgz",
      "integrity": "sha1-JpxxF9J7Ba0uU2gwqOyJXvnG0BA=",
      "dev": true,
      "requires": {
        "emoji-regex": "^8.0.0",
        "is-fullwidth-code-point": "^3.0.0",
        "strip-ansi": "^6.0.1"
      },
      "dependencies": {
        "strip-ansi": {
          "version": "6.0.1",
          "resolved": "https://artifacts.cloud.caixabank.com/artifactory/api/npm/arq-openfront-npm-group2/strip-ansi/-/strip-ansi-6.0.1.tgz",
          "integrity": "sha1-nibGPTD1NEPpSJSVshBdN7Z6hdk=",
          "dev": true,
          "requires": {
            "ansi-regex": "^5.0.1"
          }
        }
      }
    },
    "strip-ansi": {
      "version": "7.1.0",
      "resolved": "https://artifacts.cloud.caixabank.com/artifactory/api/npm/arq-openfront-npm-group2/strip-ansi/-/strip-ansi-7.1.0.tgz",
      "integrity": "sha1-1bZWjKaJ2FYTcLBwdoXSJDT6/0U=",
      "dev": true,
      "requires": {
        "ansi-regex": "^6.0.1"
      },
      "dependencies": {
        "ansi-regex": {
          "version": "6.0.1",
          "resolved": "https://artifacts.cloud.caixabank.com/artifactory/api/npm/arq-openfront-npm-group2/ansi-regex/-/ansi-regex-6.0.1.tgz",
          "integrity": "sha1-MYPjj66aZdfLXlOUXNWJfQJgoGo=",
          "dev": true
        }
      }
    },
    "style-search": {
      "version": "0.1.0",
      "resolved": "https://artifacts.cloud.caixabank.com/artifactory/api/npm/arq-openfront-npm-group2/style-search/-/style-search-0.1.0.tgz",
      "integrity": "sha1-eVjHk+R+MuB9K1yv5cC/jhLneQI=",
      "dev": true
    },
    "stylelint": {
      "version": "16.8.1",
      "resolved": "https://artifacts.cloud.caixabank.com/artifactory/api/npm/arq-openfront-npm-group2/stylelint/-/stylelint-16.8.1.tgz",
      "integrity": "sha1-fUsteSJ3HdBRREambwTpVPHfpEQ=",
      "dev": true,
      "requires": {
        "@csstools/css-parser-algorithms": "^2.7.1",
        "@csstools/css-tokenizer": "^2.4.1",
        "@csstools/media-query-list-parser": "^2.1.13",
        "@csstools/selector-specificity": "^3.1.1",
        "@dual-bundle/import-meta-resolve": "^4.1.0",
        "balanced-match": "^2.0.0",
        "colord": "^2.9.3",
        "cosmiconfig": "^9.0.0",
        "css-functions-list": "^3.2.2",
        "css-tree": "^2.3.1",
        "debug": "^4.3.6",
        "fast-glob": "^3.3.2",
        "fastest-levenshtein": "^1.0.16",
        "file-entry-cache": "^9.0.0",
        "global-modules": "^2.0.0",
        "globby": "^11.1.0",
        "globjoin": "^0.1.4",
        "html-tags": "^3.3.1",
        "ignore": "^5.3.1",
        "imurmurhash": "^0.1.4",
        "is-plain-object": "^5.0.0",
        "known-css-properties": "^0.34.0",
        "mathml-tag-names": "^2.1.3",
        "meow": "^13.2.0",
        "micromatch": "^4.0.7",
        "normalize-path": "^3.0.0",
        "picocolors": "^1.0.1",
        "postcss": "^8.4.40",
        "postcss-resolve-nested-selector": "^0.1.4",
        "postcss-safe-parser": "^7.0.0",
        "postcss-selector-parser": "^6.1.1",
        "postcss-value-parser": "^4.2.0",
        "resolve-from": "^5.0.0",
        "string-width": "^4.2.3",
        "strip-ansi": "^7.1.0",
        "supports-hyperlinks": "^3.0.0",
        "svg-tags": "^1.0.0",
        "table": "^6.8.2",
        "write-file-atomic": "^5.0.1"
      }
    },
    "stylelint-config-prettier": {
      "version": "9.0.5",
      "resolved": "https://artifacts.cloud.caixabank.com/artifactory/api/npm/arq-openfront-npm-group2/stylelint-config-prettier/-/stylelint-config-prettier-9.0.5.tgz",
      "integrity": "sha1-n3i78xxzB8ot8t1g9CxwFO6dpW4=",
      "dev": true
    },
    "stylelint-config-sass-guidelines": {
      "version": "12.0.0",
      "resolved": "https://artifacts.cloud.caixabank.com/artifactory/api/npm/arq-openfront-npm-group2/stylelint-config-sass-guidelines/-/stylelint-config-sass-guidelines-12.0.0.tgz",
      "integrity": "sha1-r/ndwLJOSOrExECIzb2tcWbXavM=",
      "dev": true,
      "requires": {
        "@stylistic/stylelint-plugin": "^2.1.0",
        "postcss-scss": "^4.0.9",
        "stylelint-scss": "^6.2.1"
      }
    },
    "stylelint-prettier": {
      "version": "5.0.2",
      "resolved": "https://artifacts.cloud.caixabank.com/artifactory/api/npm/arq-openfront-npm-group2/stylelint-prettier/-/stylelint-prettier-5.0.2.tgz",
      "integrity": "sha1-gsCoE9iYH+CU/KKBJvyIzuIvp4k=",
      "dev": true,
      "requires": {
        "prettier-linter-helpers": "^1.0.0"
      }
    },
    "stylelint-scss": {
      "version": "6.4.1",
      "resolved": "https://artifacts.cloud.caixabank.com/artifactory/api/npm/arq-openfront-npm-group2/stylelint-scss/-/stylelint-scss-6.4.1.tgz",
      "integrity": "sha1-eKGXu835phtzZXaamkLd3HIqJMU=",
      "dev": true,
      "requires": {
        "known-css-properties": "^0.34.0",
        "postcss-media-query-parser": "^0.2.3",
        "postcss-resolve-nested-selector": "^0.1.1",
        "postcss-selector-parser": "^6.1.0",
        "postcss-value-parser": "^4.2.0"
      }
    },
    "supports-color": {
      "version": "5.5.0",
      "resolved": "https://artifacts.cloud.caixabank.com/artifactory/api/npm/arq-openfront-npm-group2/supports-color/-/supports-color-5.5.0.tgz",
      "integrity": "sha1-4uaaRKyHcveKHsCzW2id9lMO/I8=",
      "dev": true,
      "requires": {
        "has-flag": "^3.0.0"
      }
    },
    "supports-hyperlinks": {
      "version": "3.0.0",
      "resolved": "https://artifacts.cloud.caixabank.com/artifactory/api/npm/arq-openfront-npm-group2/supports-hyperlinks/-/supports-hyperlinks-3.0.0.tgz",
      "integrity": "sha1-xxE1KlyJBwd5tNrVTAWi8UsVyUs=",
      "dev": true,
      "requires": {
        "has-flag": "^4.0.0",
        "supports-color": "^7.0.0"
      },
      "dependencies": {
        "has-flag": {
          "version": "4.0.0",
          "resolved": "https://artifacts.cloud.caixabank.com/artifactory/api/npm/arq-openfront-npm-group2/has-flag/-/has-flag-4.0.0.tgz",
          "integrity": "sha1-lEdx/ZyByBJlxNaUGGDaBrtZR5s=",
          "dev": true
        },
        "supports-color": {
          "version": "7.2.0",
          "resolved": "https://artifacts.cloud.caixabank.com/artifactory/api/npm/arq-openfront-npm-group2/supports-color/-/supports-color-7.2.0.tgz",
          "integrity": "sha1-G33NyzK4E4gBs+R4umpRyqiWSNo=",
          "dev": true,
          "requires": {
            "has-flag": "^4.0.0"
          }
        }
      }
    },
    "svg-tags": {
      "version": "1.0.0",
      "resolved": "https://artifacts.cloud.caixabank.com/artifactory/api/npm/arq-openfront-npm-group2/svg-tags/-/svg-tags-1.0.0.tgz",
      "integrity": "sha1-WPcc7jvVGbWdSyqEO2x95krAR2Q=",
      "dev": true
    },
    "table": {
      "version": "6.8.2",
      "resolved": "https://artifacts.cloud.caixabank.com/artifactory/api/npm/arq-openfront-npm-group2/table/-/table-6.8.2.tgz",
      "integrity": "sha1-xVBMzyASE/oicki9yMVWlxasbFg=",
      "dev": true,
      "requires": {
        "ajv": "^8.0.1",
        "lodash.truncate": "^4.4.2",
        "slice-ansi": "^4.0.0",
        "string-width": "^4.2.3",
        "strip-ansi": "^6.0.1"
      },
      "dependencies": {
        "strip-ansi": {
          "version": "6.0.1",
          "resolved": "https://artifacts.cloud.caixabank.com/artifactory/api/npm/arq-openfront-npm-group2/strip-ansi/-/strip-ansi-6.0.1.tgz",
          "integrity": "sha1-nibGPTD1NEPpSJSVshBdN7Z6hdk=",
          "dev": true,
          "requires": {
            "ansi-regex": "^5.0.1"
          }
        }
      }
    },
    "to-regex-range": {
      "version": "5.0.1",
      "resolved": "https://artifacts.cloud.caixabank.com/artifactory/api/npm/arq-openfront-npm-group2/to-regex-range/-/to-regex-range-5.0.1.tgz",
      "integrity": "sha1-FkjESq58jZiKMmAY7XL1tN0DkuQ=",
      "dev": true,
      "requires": {
        "is-number": "^7.0.0"
      }
    },
    "util-deprecate": {
      "version": "1.0.2",
      "resolved": "https://artifacts.cloud.caixabank.com/artifactory/api/npm/arq-openfront-npm-group2/util-deprecate/-/util-deprecate-1.0.2.tgz",
      "integrity": "sha1-RQ1Nyfpw3nMnYvvS1KKJgUGaDM8=",
      "dev": true
    },
    "which": {
      "version": "1.3.1",
      "resolved": "https://artifacts.cloud.caixabank.com/artifactory/api/npm/arq-openfront-npm-group2/which/-/which-1.3.1.tgz",
      "integrity": "sha1-pFBD1U9YBTFtqNYvn1CRjT2nCwo=",
      "dev": true,
      "requires": {
        "isexe": "^2.0.0"
      }
    },
    "write-file-atomic": {
      "version": "5.0.1",
      "resolved": "https://artifacts.cloud.caixabank.com/artifactory/api/npm/arq-openfront-npm-group2/write-file-atomic/-/write-file-atomic-5.0.1.tgz",
      "integrity": "sha1-aN9HF8Vcb6QoGnhgtMK6Cm0rEec=",
      "dev": true,
      "requires": {
        "imurmurhash": "^0.1.4",
        "signal-exit": "^4.0.1"
      }
    }
  }
}
